{
	"name": "html-best-practices",
	"version": "2.0.0",
	"lockfileVersion": 2,
	"requires": true,
	"packages": {
		"": {
			"version": "2.0.0",
			"license": "CC0-1.0",
			"devDependencies": {
				"marked": "1.2.7",
				"mustache": "4.1.0"
			}
		},
		"node_modules/marked": {
			"version": "1.2.7",
			"resolved": "https://registry.npmjs.org/marked/-/marked-1.2.7.tgz",
			"integrity": "sha512-No11hFYcXr/zkBvL6qFmAp1z6BKY3zqLMHny/JN/ey+al7qwCM2+CMBL9BOgqMxZU36fz4cCWfn2poWIf7QRXA==",
			"dev": true,
			"bin": {
				"marked": "bin/marked"
			},
			"engines": {
				"node": ">= 8.16.2"
			}
		},
		"node_modules/mustache": {
			"version": "4.1.0",
			"resolved": "https://registry.npmjs.org/mustache/-/mustache-4.1.0.tgz",
			"integrity": "sha512-0FsgP/WVq4mKyjolIyX+Z9Bd+3WS8GOwoUTyKXT5cTYMGeauNTi2HPCwERqseC1IHAy0Z7MDZnJBfjabd4O8GQ==",
			"dev": true,
			"bin": {
				"mustache": "bin/mustache"
			}
		}
	},
	"dependencies": {
		"marked": {
			"version": "1.2.7",
			"resolved": "https://registry.npmjs.org/marked/-/marked-1.2.7.tgz",
			"integrity": "sha512-No11hFYcXr/zkBvL6qFmAp1z6BKY3zqLMHny/JN/ey+al7qwCM2+CMBL9BOgqMxZU36fz4cCWfn2poWIf7QRXA==",
			"dev": true
		},
		"mustache": {
			"version": "4.1.0",
			"resolved": "https://registry.npmjs.org/mustache/-/mustache-4.1.0.tgz",
			"integrity": "sha512-0FsgP/WVq4mKyjolIyX+Z9Bd+3WS8GOwoUTyKXT5cTYMGeauNTi2HPCwERqseC1IHAy0Z7MDZnJBfjabd4O8GQ==",
			"dev": true
		}
	}
}
